
Microsoft Visual Studio Solution File, Format Version 12.00
# Visual Studio 16
Project("{FAE04EC0-301F-11D3-BF4B-00C04F79EFBC}") = "Assembly-CSharp-firstpass", "Assembly-CSharp-firstpass.csproj", "{484D19D1-6F0A-6B0E-6F1F-97CE111CC9F3}"
EndProject
Project("{FAE04EC0-301F-11D3-BF4B-00C04F79EFBC}") = "Assembly-CSharp", "Assembly-CSharp.csproj", "{FD25C8DF-78BB-B519-E9BC-38B542659D75}"
EndProject
Project("{FAE04EC0-301F-11D3-BF4B-00C04F79EFBC}") = "Assembly-CSharp-Editor-firstpass", "Assembly-CSharp-Editor-firstpass.csproj", "{8CC659CC-C4CA-5EB6-3CFA-72B0D67A5E5B}"
EndProject
Project("{FAE04EC0-301F-11D3-BF4B-00C04F79EFBC}") = "Assembly-CSharp-Editor", "Assembly-CSharp-Editor.csproj", "{F639BBF0-1B3F-D08B-B6C2-DF9E2E879A61}"
EndProject
Global
	GlobalSection(SolutionConfigurationPlatforms) = preSolution
		Debug|Any CPU = Debug|Any CPU
		Release|Any CPU = Release|Any CPU
	EndGlobalSection
	GlobalSection(ProjectConfigurationPlatforms) = postSolution
		{484D19D1-6F0A-6B0E-6F1F-97CE111CC9F3}.Debug|Any CPU.ActiveCfg = Debug|Any CPU
		{484D19D1-6F0A-6B0E-6F1F-97CE111CC9F3}.Debug|Any CPU.Build.0 = Debug|Any CPU
		{484D19D1-6F0A-6B0E-6F1F-97CE111CC9F3}.Release|Any CPU.ActiveCfg = Release|Any CPU
		{484D19D1-6F0A-6B0E-6F1F-97CE111CC9F3}.Release|Any CPU.Build.0 = Release|Any CPU
		{FD25C8DF-78BB-B519-E9BC-38B542659D75}.Debug|Any CPU.ActiveCfg = Debug|Any CPU
		{FD25C8DF-78BB-B519-E9BC-38B542659D75}.Debug|Any CPU.Build.0 = Debug|Any CPU
		{FD25C8DF-78BB-B519-E9BC-38B542659D75}.Release|Any CPU.ActiveCfg = Release|Any CPU
		{FD25C8DF-78BB-B519-E9BC-38B542659D75}.Release|Any CPU.Build.0 = Release|Any CPU
		{8CC659CC-C4CA-5EB6-3CFA-72B0D67A5E5B}.Debug|Any CPU.ActiveCfg = Debug|Any CPU
		{8CC659CC-C4CA-5EB6-3CFA-72B0D67A5E5B}.Debug|Any CPU.Build.0 = Debug|Any CPU
		{8CC659CC-C4CA-5EB6-3CFA-72B0D67A5E5B}.Release|Any CPU.ActiveCfg = Release|Any CPU
		{8CC659CC-C4CA-5EB6-3CFA-72B0D67A5E5B}.Release|Any CPU.Build.0 = Release|Any CPU
		{F639BBF0-1B3F-D08B-B6C2-DF9E2E879A61}.Debug|Any CPU.ActiveCfg = Debug|Any CPU
		{F639BBF0-1B3F-D08B-B6C2-DF9E2E879A61}.Debug|Any CPU.Build.0 = Debug|Any CPU
		{F639BBF0-1B3F-D08B-B6C2-DF9E2E879A61}.Release|Any CPU.ActiveCfg = Release|Any CPU
		{F639BBF0-1B3F-D08B-B6C2-DF9E2E879A61}.Release|Any CPU.Build.0 = Release|Any CPU
	EndGlobalSection
	GlobalSection(SolutionProperties) = preSolution
		HideSolutionNode = FALSE
	EndGlobalSection
EndGlobal
